
Microsoft Visual Studio Solution File, Format Version 12.00
# Visual Studio Version 17
VisualStudioVersion = 17.11.35312.102
MinimumVisualStudioVersion = 10.0.40219.1
Project("{FAE04EC0-301F-11D3-BF4B-00C04F79EFBC}") = "mamba", "mamba\mamba.csproj", "{EA16378C-8D05-410C-92D4-C20853607D84}"
EndProject
Global
	GlobalSection(SolutionConfigurationPlatforms) = preSolution
		Debug|Any CPU = Debug|Any CPU
		Release|Any CPU = Release|Any CPU
	EndGlobalSection
	GlobalSection(ProjectConfigurationPlatforms) = postSolution
		{EA16378C-8D05-410C-92D4-C20853607D84}.Debug|Any CPU.ActiveCfg = Debug|Any CPU
		{EA16378C-8D05-410C-92D4-C20853607D84}.Debug|Any CPU.Build.0 = Debug|Any CPU
		{EA16378C-8D05-410C-92D4-C20853607D84}.Release|Any CPU.ActiveCfg = Release|Any CPU
		{EA16378C-8D05-410C-92D4-C20853607D84}.Release|Any CPU.Build.0 = Release|Any CPU
	EndGlobalSection
	GlobalSection(SolutionProperties) = preSolution
		HideSolutionNode = FALSE
	EndGlobalSection
	GlobalSection(ExtensibilityGlobals) = postSolution
		SolutionGuid = {A73EEF94-4DA4-4A2E-A9DC-878F2DAFC00B}
	EndGlobalSection
EndGlobal
